// !$*UTF8*$!
{
	archiveVersion = 1;
	classes = {
	};
	objectVersion = 46;
	objects = {

/* Begin PBXBuildFile section */
		9F57DC92136038E500E96DE0 /* Foundation.framework in Frameworks */ = {isa = PBXBuildFile; fileRef = 9F57DC91136038E500E96DE0 /* Foundation.framework */; };
		9F57DC9D136038E500E96DE0 /* UIKit.framework in Frameworks */ = {isa = PBXBuildFile; fileRef = 9F57DC9C136038E500E96DE0 /* UIKit.framework */; };
		9F57DC9E136038E500E96DE0 /* Foundation.framework in Frameworks */ = {isa = PBXBuildFile; fileRef = 9F57DC91136038E500E96DE0 /* Foundation.framework */; };
		9F57DCA0136038E500E96DE0 /* CoreGraphics.framework in Frameworks */ = {isa = PBXBuildFile; fileRef = 9F57DC9F136038E500E96DE0 /* CoreGraphics.framework */; };
		9F57DCA3136038E500E96DE0 /* libtypefest-objc.a in Frameworks */ = {isa = PBXBuildFile; fileRef = 9F57DC8E136038E500E96DE0 /* libtypefest-objc.a */; };
		9F57DCA9136038E500E96DE0 /* InfoPlist.strings in Resources */ = {isa = PBXBuildFile; fileRef = 9F57DCA7136038E500E96DE0 /* InfoPlist.strings */; };
		9F57DCAC136038E500E96DE0 /* typefest_objcTests.h in Resources */ = {isa = PBXBuildFile; fileRef = 9F57DCAB136038E500E96DE0 /* typefest_objcTests.h */; };
		9F57DCAE136038E500E96DE0 /* typefest_objcTests.m in Sources */ = {isa = PBXBuildFile; fileRef = 9F57DCAD136038E500E96DE0 /* typefest_objcTests.m */; };
		9F57DCE01360398300E96DE0 /* TFActiveArray.h in Headers */ = {isa = PBXBuildFile; fileRef = 9F57DCD41360398300E96DE0 /* TFActiveArray.h */; };
		9F57DCE11360398300E96DE0 /* TFActiveArray.m in Sources */ = {isa = PBXBuildFile; fileRef = 9F57DCD51360398300E96DE0 /* TFActiveArray.m */; };
		9F57DCE21360398300E96DE0 /* TFActiveCollectionDelegate.h in Headers */ = {isa = PBXBuildFile; fileRef = 9F57DCD61360398300E96DE0 /* TFActiveCollectionDelegate.h */; };
		9F57DCE31360398300E96DE0 /* TFActiveCollectionInfo.h in Headers */ = {isa = PBXBuildFile; fileRef = 9F57DCD71360398300E96DE0 /* TFActiveCollectionInfo.h */; };
		9F57DCE41360398300E96DE0 /* TFActiveCollectionInfo.m in Sources */ = {isa = PBXBuildFile; fileRef = 9F57DCD81360398300E96DE0 /* TFActiveCollectionInfo.m */; };
		9F57DCE51360398300E96DE0 /* TFActiveCollectionProtocol.h in Headers */ = {isa = PBXBuildFile; fileRef = 9F57DCD91360398300E96DE0 /* TFActiveCollectionProtocol.h */; };
		9F57DCE61360398300E96DE0 /* TFActiveCollectionUtils.h in Headers */ = {isa = PBXBuildFile; fileRef = 9F57DCDA1360398300E96DE0 /* TFActiveCollectionUtils.h */; };
		9F57DCE71360398300E96DE0 /* TFActiveCollectionUtils.m in Sources */ = {isa = PBXBuildFile; fileRef = 9F57DCDB1360398300E96DE0 /* TFActiveCollectionUtils.m */; };
		9F57DCE81360398300E96DE0 /* TFActiveDictionary.h in Headers */ = {isa = PBXBuildFile; fileRef = 9F57DCDC1360398300E96DE0 /* TFActiveDictionary.h */; };
		9F57DCE91360398300E96DE0 /* TFActiveDictionary.m in Sources */ = {isa = PBXBuildFile; fileRef = 9F57DCDD1360398300E96DE0 /* TFActiveDictionary.m */; };
		9F57DCEA1360398300E96DE0 /* TFActiveSet.h in Headers */ = {isa = PBXBuildFile; fileRef = 9F57DCDE1360398300E96DE0 /* TFActiveSet.h */; };
		9F57DCEB1360398300E96DE0 /* TFActiveSet.m in Sources */ = {isa = PBXBuildFile; fileRef = 9F57DCDF1360398300E96DE0 /* TFActiveSet.m */; };
		9F57DCF61360398D00E96DE0 /* TFDataSource.h in Headers */ = {isa = PBXBuildFile; fileRef = 9F57DCEC1360398D00E96DE0 /* TFDataSource.h */; };
		9F57DCF71360398D00E96DE0 /* TFDataSource.m in Sources */ = {isa = PBXBuildFile; fileRef = 9F57DCED1360398D00E96DE0 /* TFDataSource.m */; };
		9F57DCF81360398D00E96DE0 /* TFRow.h in Headers */ = {isa = PBXBuildFile; fileRef = 9F57DCEE1360398D00E96DE0 /* TFRow.h */; };
		9F57DCF91360398D00E96DE0 /* TFRow.m in Sources */ = {isa = PBXBuildFile; fileRef = 9F57DCEF1360398D00E96DE0 /* TFRow.m */; };
		9F57DCFA1360398D00E96DE0 /* TFSection.h in Headers */ = {isa = PBXBuildFile; fileRef = 9F57DCF01360398D00E96DE0 /* TFSection.h */; };
		9F57DCFB1360398D00E96DE0 /* TFSection.m in Sources */ = {isa = PBXBuildFile; fileRef = 9F57DCF11360398D00E96DE0 /* TFSection.m */; };
		9F57DCFC1360398D00E96DE0 /* TFSelectableRow.h in Headers */ = {isa = PBXBuildFile; fileRef = 9F57DCF21360398D00E96DE0 /* TFSelectableRow.h */; };
		9F57DCFD1360398D00E96DE0 /* TFSelectableRow.m in Sources */ = {isa = PBXBuildFile; fileRef = 9F57DCF31360398D00E96DE0 /* TFSelectableRow.m */; };
		9F57DCFE1360398D00E96DE0 /* TFSelectionGroup.h in Headers */ = {isa = PBXBuildFile; fileRef = 9F57DCF41360398D00E96DE0 /* TFSelectionGroup.h */; };
		9F57DCFF1360398D00E96DE0 /* TFSelectionGroup.m in Sources */ = {isa = PBXBuildFile; fileRef = 9F57DCF51360398D00E96DE0 /* TFSelectionGroup.m */; };
		9F57DDAD1361680700E96DE0 /* TFTextFieldRow.h in Headers */ = {isa = PBXBuildFile; fileRef = 9F57DDAB1361680700E96DE0 /* TFTextFieldRow.h */; };
		9F57DDAE1361680700E96DE0 /* TFTextFieldRow.m in Sources */ = {isa = PBXBuildFile; fileRef = 9F57DDAC1361680700E96DE0 /* TFTextFieldRow.m */; };
		9F57DDB913616E3100E96DE0 /* TFSwitchRow.h in Headers */ = {isa = PBXBuildFile; fileRef = 9F57DDB713616E3000E96DE0 /* TFSwitchRow.h */; };
		9F57DDBA13616E3100E96DE0 /* TFSwitchRow.m in Sources */ = {isa = PBXBuildFile; fileRef = 9F57DDB813616E3100E96DE0 /* TFSwitchRow.m */; };
/* End PBXBuildFile section */

/* Begin PBXContainerItemProxy section */
		9F57DCA1136038E500E96DE0 /* PBXContainerItemProxy */ = {
			isa = PBXContainerItemProxy;
			containerPortal = 9F57DC85136038E500E96DE0 /* Project object */;
			proxyType = 1;
			remoteGlobalIDString = 9F57DC8D136038E500E96DE0;
			remoteInfo = "typefest-objc";
		};
/* End PBXContainerItemProxy section */

/* Begin PBXFileReference section */
		9F57DC8E136038E500E96DE0 /* libtypefest-objc.a */ = {isa = PBXFileReference; explicitFileType = archive.ar; includeInIndex = 0; path = "libtypefest-objc.a"; sourceTree = BUILT_PRODUCTS_DIR; };
		9F57DC91136038E500E96DE0 /* Foundation.framework */ = {isa = PBXFileReference; lastKnownFileType = wrapper.framework; name = Foundation.framework; path = System/Library/Frameworks/Foundation.framework; sourceTree = SDKROOT; };
		9F57DC95136038E500E96DE0 /* typefest-objc-Prefix.pch */ = {isa = PBXFileReference; lastKnownFileType = sourcecode.c.h; path = "typefest-objc-Prefix.pch"; sourceTree = "<group>"; };
		9F57DC9B136038E500E96DE0 /* typefest-objcTests.octest */ = {isa = PBXFileReference; explicitFileType = wrapper.cfbundle; includeInIndex = 0; path = "typefest-objcTests.octest"; sourceTree = BUILT_PRODUCTS_DIR; };
		9F57DC9C136038E500E96DE0 /* UIKit.framework */ = {isa = PBXFileReference; lastKnownFileType = wrapper.framework; name = UIKit.framework; path = System/Library/Frameworks/UIKit.framework; sourceTree = SDKROOT; };
		9F57DC9F136038E500E96DE0 /* CoreGraphics.framework */ = {isa = PBXFileReference; lastKnownFileType = wrapper.framework; name = CoreGraphics.framework; path = System/Library/Frameworks/CoreGraphics.framework; sourceTree = SDKROOT; };
		9F57DCA6136038E500E96DE0 /* typefest-objcTests-Info.plist */ = {isa = PBXFileReference; lastKnownFileType = text.plist.xml; path = "typefest-objcTests-Info.plist"; sourceTree = "<group>"; };
		9F57DCA8136038E500E96DE0 /* en */ = {isa = PBXFileReference; lastKnownFileType = text.plist.strings; name = en; path = en.lproj/InfoPlist.strings; sourceTree = "<group>"; };
		9F57DCAA136038E500E96DE0 /* typefest-objcTests-Prefix.pch */ = {isa = PBXFileReference; lastKnownFileType = sourcecode.c.h; path = "typefest-objcTests-Prefix.pch"; sourceTree = "<group>"; };
		9F57DCAB136038E500E96DE0 /* typefest_objcTests.h */ = {isa = PBXFileReference; lastKnownFileType = sourcecode.c.h; path = typefest_objcTests.h; sourceTree = "<group>"; };
		9F57DCAD136038E500E96DE0 /* typefest_objcTests.m */ = {isa = PBXFileReference; lastKnownFileType = sourcecode.c.objc; path = typefest_objcTests.m; sourceTree = "<group>"; };
		9F57DCD41360398300E96DE0 /* TFActiveArray.h */ = {isa = PBXFileReference; fileEncoding = 4; lastKnownFileType = sourcecode.c.h; path = TFActiveArray.h; sourceTree = "<group>"; };
		9F57DCD51360398300E96DE0 /* TFActiveArray.m */ = {isa = PBXFileReference; fileEncoding = 4; lastKnownFileType = sourcecode.c.objc; path = TFActiveArray.m; sourceTree = "<group>"; };
		9F57DCD61360398300E96DE0 /* TFActiveCollectionDelegate.h */ = {isa = PBXFileReference; fileEncoding = 4; lastKnownFileType = sourcecode.c.h; path = TFActiveCollectionDelegate.h; sourceTree = "<group>"; };
		9F57DCD71360398300E96DE0 /* TFActiveCollectionInfo.h */ = {isa = PBXFileReference; fileEncoding = 4; lastKnownFileType = sourcecode.c.h; path = TFActiveCollectionInfo.h; sourceTree = "<group>"; };
		9F57DCD81360398300E96DE0 /* TFActiveCollectionInfo.m */ = {isa = PBXFileReference; fileEncoding = 4; lastKnownFileType = sourcecode.c.objc; path = TFActiveCollectionInfo.m; sourceTree = "<group>"; };
		9F57DCD91360398300E96DE0 /* TFActiveCollectionProtocol.h */ = {isa = PBXFileReference; fileEncoding = 4; lastKnownFileType = sourcecode.c.h; path = TFActiveCollectionProtocol.h; sourceTree = "<group>"; };
		9F57DCDA1360398300E96DE0 /* TFActiveCollectionUtils.h */ = {isa = PBXFileReference; fileEncoding = 4; lastKnownFileType = sourcecode.c.h; path = TFActiveCollectionUtils.h; sourceTree = "<group>"; };
		9F57DCDB1360398300E96DE0 /* TFActiveCollectionUtils.m */ = {isa = PBXFileReference; fileEncoding = 4; lastKnownFileType = sourcecode.c.objc; path = TFActiveCollectionUtils.m; sourceTree = "<group>"; };
		9F57DCDC1360398300E96DE0 /* TFActiveDictionary.h */ = {isa = PBXFileReference; fileEncoding = 4; lastKnownFileType = sourcecode.c.h; path = TFActiveDictionary.h; sourceTree = "<group>"; };
		9F57DCDD1360398300E96DE0 /* TFActiveDictionary.m */ = {isa = PBXFileReference; fileEncoding = 4; lastKnownFileType = sourcecode.c.objc; path = TFActiveDictionary.m; sourceTree = "<group>"; };
		9F57DCDE1360398300E96DE0 /* TFActiveSet.h */ = {isa = PBXFileReference; fileEncoding = 4; lastKnownFileType = sourcecode.c.h; path = TFActiveSet.h; sourceTree = "<group>"; };
		9F57DCDF1360398300E96DE0 /* TFActiveSet.m */ = {isa = PBXFileReference; fileEncoding = 4; lastKnownFileType = sourcecode.c.objc; path = TFActiveSet.m; sourceTree = "<group>"; };
		9F57DCEC1360398D00E96DE0 /* TFDataSource.h */ = {isa = PBXFileReference; fileEncoding = 4; lastKnownFileType = sourcecode.c.h; path = TFDataSource.h; sourceTree = "<group>"; };
		9F57DCED1360398D00E96DE0 /* TFDataSource.m */ = {isa = PBXFileReference; fileEncoding = 4; lastKnownFileType = sourcecode.c.objc; path = TFDataSource.m; sourceTree = "<group>"; };
		9F57DCEE1360398D00E96DE0 /* TFRow.h */ = {isa = PBXFileReference; fileEncoding = 4; lastKnownFileType = sourcecode.c.h; path = TFRow.h; sourceTree = "<group>"; };
		9F57DCEF1360398D00E96DE0 /* TFRow.m */ = {isa = PBXFileReference; fileEncoding = 4; lastKnownFileType = sourcecode.c.objc; path = TFRow.m; sourceTree = "<group>"; };
		9F57DCF01360398D00E96DE0 /* TFSection.h */ = {isa = PBXFileReference; fileEncoding = 4; lastKnownFileType = sourcecode.c.h; path = TFSection.h; sourceTree = "<group>"; };
		9F57DCF11360398D00E96DE0 /* TFSection.m */ = {isa = PBXFileReference; fileEncoding = 4; lastKnownFileType = sourcecode.c.objc; path = TFSection.m; sourceTree = "<group>"; };
		9F57DCF21360398D00E96DE0 /* TFSelectableRow.h */ = {isa = PBXFileReference; fileEncoding = 4; lastKnownFileType = sourcecode.c.h; path = TFSelectableRow.h; sourceTree = "<group>"; };
		9F57DCF31360398D00E96DE0 /* TFSelectableRow.m */ = {isa = PBXFileReference; fileEncoding = 4; lastKnownFileType = sourcecode.c.objc; path = TFSelectableRow.m; sourceTree = "<group>"; };
		9F57DCF41360398D00E96DE0 /* TFSelectionGroup.h */ = {isa = PBXFileReference; fileEncoding = 4; lastKnownFileType = sourcecode.c.h; path = TFSelectionGroup.h; sourceTree = "<group>"; };
		9F57DCF51360398D00E96DE0 /* TFSelectionGroup.m */ = {isa = PBXFileReference; fileEncoding = 4; lastKnownFileType = sourcecode.c.objc; path = TFSelectionGroup.m; sourceTree = "<group>"; };
		9F57DDAB1361680700E96DE0 /* TFTextFieldRow.h */ = {isa = PBXFileReference; fileEncoding = 4; lastKnownFileType = sourcecode.c.h; path = TFTextFieldRow.h; sourceTree = "<group>"; };
		9F57DDAC1361680700E96DE0 /* TFTextFieldRow.m */ = {isa = PBXFileReference; fileEncoding = 4; lastKnownFileType = sourcecode.c.objc; path = TFTextFieldRow.m; sourceTree = "<group>"; };
		9F57DDB713616E3000E96DE0 /* TFSwitchRow.h */ = {isa = PBXFileReference; fileEncoding = 4; lastKnownFileType = sourcecode.c.h; path = TFSwitchRow.h; sourceTree = "<group>"; };
		9F57DDB813616E3100E96DE0 /* TFSwitchRow.m */ = {isa = PBXFileReference; fileEncoding = 4; lastKnownFileType = sourcecode.c.objc; path = TFSwitchRow.m; sourceTree = "<group>"; };
/* End PBXFileReference section */

/* Begin PBXFrameworksBuildPhase section */
		9F57DC8B136038E500E96DE0 /* Frameworks */ = {
			isa = PBXFrameworksBuildPhase;
			buildActionMask = 2147483647;
			files = (
				9F57DC92136038E500E96DE0 /* Foundation.framework in Frameworks */,
			);
			runOnlyForDeploymentPostprocessing = 0;
		};
		9F57DC97136038E500E96DE0 /* Frameworks */ = {
			isa = PBXFrameworksBuildPhase;
			buildActionMask = 2147483647;
			files = (
				9F57DC9D136038E500E96DE0 /* UIKit.framework in Frameworks */,
				9F57DC9E136038E500E96DE0 /* Foundation.framework in Frameworks */,
				9F57DCA0136038E500E96DE0 /* CoreGraphics.framework in Frameworks */,
				9F57DCA3136038E500E96DE0 /* libtypefest-objc.a in Frameworks */,
			);
			runOnlyForDeploymentPostprocessing = 0;
		};
/* End PBXFrameworksBuildPhase section */

/* Begin PBXGroup section */
		9F57DC83136038E500E96DE0 = {
			isa = PBXGroup;
			children = (
				9F57DC93136038E500E96DE0 /* typefest-objc */,
				9F57DCA4136038E500E96DE0 /* typefest-objcTests */,
				9F57DC90136038E500E96DE0 /* Frameworks */,
				9F57DC8F136038E500E96DE0 /* Products */,
			);
			sourceTree = "<group>";
		};
		9F57DC8F136038E500E96DE0 /* Products */ = {
			isa = PBXGroup;
			children = (
				9F57DC8E136038E500E96DE0 /* libtypefest-objc.a */,
				9F57DC9B136038E500E96DE0 /* typefest-objcTests.octest */,
			);
			name = Products;
			sourceTree = "<group>";
		};
		9F57DC90136038E500E96DE0 /* Frameworks */ = {
			isa = PBXGroup;
			children = (
				9F57DC91136038E500E96DE0 /* Foundation.framework */,
				9F57DC9C136038E500E96DE0 /* UIKit.framework */,
				9F57DC9F136038E500E96DE0 /* CoreGraphics.framework */,
			);
			name = Frameworks;
			sourceTree = "<group>";
		};
		9F57DC93136038E500E96DE0 /* typefest-objc */ = {
			isa = PBXGroup;
			children = (
				9F57DCB71360392A00E96DE0 /* Class */,
				9F57DC94136038E500E96DE0 /* Supporting Files */,
			);
			path = "typefest-objc";
			sourceTree = "<group>";
		};
		9F57DC94136038E500E96DE0 /* Supporting Files */ = {
			isa = PBXGroup;
			children = (
				9F57DC95136038E500E96DE0 /* typefest-objc-Prefix.pch */,
			);
			name = "Supporting Files";
			sourceTree = "<group>";
		};
		9F57DCA4136038E500E96DE0 /* typefest-objcTests */ = {
			isa = PBXGroup;
			children = (
				9F57DCAB136038E500E96DE0 /* typefest_objcTests.h */,
				9F57DCAD136038E500E96DE0 /* typefest_objcTests.m */,
				9F57DCA5136038E500E96DE0 /* Supporting Files */,
			);
			path = "typefest-objcTests";
			sourceTree = "<group>";
		};
		9F57DCA5136038E500E96DE0 /* Supporting Files */ = {
			isa = PBXGroup;
			children = (
				9F57DCA6136038E500E96DE0 /* typefest-objcTests-Info.plist */,
				9F57DCA7136038E500E96DE0 /* InfoPlist.strings */,
				9F57DCAA136038E500E96DE0 /* typefest-objcTests-Prefix.pch */,
			);
			name = "Supporting Files";
			sourceTree = "<group>";
		};
		9F57DCB71360392A00E96DE0 /* Class */ = {
			isa = PBXGroup;
			children = (
				9F57DCB91360393600E96DE0 /* DataSource */,
				9F57DCB81360392F00E96DE0 /* Collections */,
			);
			name = Class;
			sourceTree = "<group>";
		};
		9F57DCB81360392F00E96DE0 /* Collections */ = {
			isa = PBXGroup;
			children = (
				9F57DCD41360398300E96DE0 /* TFActiveArray.h */,
				9F57DCD51360398300E96DE0 /* TFActiveArray.m */,
				9F57DCD61360398300E96DE0 /* TFActiveCollectionDelegate.h */,
				9F57DCD71360398300E96DE0 /* TFActiveCollectionInfo.h */,
				9F57DCD81360398300E96DE0 /* TFActiveCollectionInfo.m */,
				9F57DCD91360398300E96DE0 /* TFActiveCollectionProtocol.h */,
				9F57DCDA1360398300E96DE0 /* TFActiveCollectionUtils.h */,
				9F57DCDB1360398300E96DE0 /* TFActiveCollectionUtils.m */,
				9F57DCDC1360398300E96DE0 /* TFActiveDictionary.h */,
				9F57DCDD1360398300E96DE0 /* TFActiveDictionary.m */,
				9F57DCDE1360398300E96DE0 /* TFActiveSet.h */,
				9F57DCDF1360398300E96DE0 /* TFActiveSet.m */,
			);
			name = Collections;
			sourceTree = "<group>";
		};
		9F57DCB91360393600E96DE0 /* DataSource */ = {
			isa = PBXGroup;
			children = (
				9F57DCEC1360398D00E96DE0 /* TFDataSource.h */,
				9F57DCED1360398D00E96DE0 /* TFDataSource.m */,
				9F57DCEE1360398D00E96DE0 /* TFRow.h */,
				9F57DCEF1360398D00E96DE0 /* TFRow.m */,
				9F57DCF01360398D00E96DE0 /* TFSection.h */,
				9F57DCF11360398D00E96DE0 /* TFSection.m */,
				9F57DCF21360398D00E96DE0 /* TFSelectableRow.h */,
				9F57DCF31360398D00E96DE0 /* TFSelectableRow.m */,
				9F57DCF41360398D00E96DE0 /* TFSelectionGroup.h */,
				9F57DCF51360398D00E96DE0 /* TFSelectionGroup.m */,
				9F57DDAB1361680700E96DE0 /* TFTextFieldRow.h */,
				9F57DDAC1361680700E96DE0 /* TFTextFieldRow.m */,
				9F57DDB713616E3000E96DE0 /* TFSwitchRow.h */,
				9F57DDB813616E3100E96DE0 /* TFSwitchRow.m */,
			);
			name = DataSource;
			sourceTree = "<group>";
		};
/* End PBXGroup section */

/* Begin PBXHeadersBuildPhase section */
		9F57DC8C136038E500E96DE0 /* Headers */ = {
			isa = PBXHeadersBuildPhase;
			buildActionMask = 2147483647;
			files = (
				9F57DCE01360398300E96DE0 /* TFActiveArray.h in Headers */,
				9F57DCE21360398300E96DE0 /* TFActiveCollectionDelegate.h in Headers */,
				9F57DCE31360398300E96DE0 /* TFActiveCollectionInfo.h in Headers */,
				9F57DCE51360398300E96DE0 /* TFActiveCollectionProtocol.h in Headers */,
				9F57DCE61360398300E96DE0 /* TFActiveCollectionUtils.h in Headers */,
				9F57DCE81360398300E96DE0 /* TFActiveDictionary.h in Headers */,
				9F57DCEA1360398300E96DE0 /* TFActiveSet.h in Headers */,
				9F57DCF61360398D00E96DE0 /* TFDataSource.h in Headers */,
				9F57DCF81360398D00E96DE0 /* TFRow.h in Headers */,
				9F57DCFA1360398D00E96DE0 /* TFSection.h in Headers */,
				9F57DCFC1360398D00E96DE0 /* TFSelectableRow.h in Headers */,
				9F57DCFE1360398D00E96DE0 /* TFSelectionGroup.h in Headers */,
				9F57DDAD1361680700E96DE0 /* TFTextFieldRow.h in Headers */,
				9F57DDB913616E3100E96DE0 /* TFSwitchRow.h in Headers */,
			);
			runOnlyForDeploymentPostprocessing = 0;
		};
/* End PBXHeadersBuildPhase section */

/* Begin PBXNativeTarget section */
		9F57DC8D136038E500E96DE0 /* typefest-objc */ = {
			isa = PBXNativeTarget;
			buildConfigurationList = 9F57DCB1136038E600E96DE0 /* Build configuration list for PBXNativeTarget "typefest-objc" */;
			buildPhases = (
				9F57DC8A136038E500E96DE0 /* Sources */,
				9F57DC8B136038E500E96DE0 /* Frameworks */,
				9F57DC8C136038E500E96DE0 /* Headers */,
			);
			buildRules = (
			);
			dependencies = (
			);
			name = "typefest-objc";
			productName = "typefest-objc";
			productReference = 9F57DC8E136038E500E96DE0 /* libtypefest-objc.a */;
			productType = "com.apple.product-type.library.static";
		};
		9F57DC9A136038E500E96DE0 /* typefest-objcTests */ = {
			isa = PBXNativeTarget;
			buildConfigurationList = 9F57DCB4136038E600E96DE0 /* Build configuration list for PBXNativeTarget "typefest-objcTests" */;
			buildPhases = (
				9F57DC96136038E500E96DE0 /* Sources */,
				9F57DC97136038E500E96DE0 /* Frameworks */,
				9F57DC98136038E500E96DE0 /* Resources */,
				9F57DC99136038E500E96DE0 /* ShellScript */,
			);
			buildRules = (
			);
			dependencies = (
				9F57DCA2136038E500E96DE0 /* PBXTargetDependency */,
			);
			name = "typefest-objcTests";
			productName = "typefest-objcTests";
			productReference = 9F57DC9B136038E500E96DE0 /* typefest-objcTests.octest */;
			productType = "com.apple.product-type.bundle";
		};
/* End PBXNativeTarget section */

/* Begin PBXProject section */
		9F57DC85136038E500E96DE0 /* Project object */ = {
			isa = PBXProject;
			buildConfigurationList = 9F57DC88136038E500E96DE0 /* Build configuration list for PBXProject "typefest-objc" */;
			compatibilityVersion = "Xcode 3.2";
			developmentRegion = English;
			hasScannedForEncodings = 0;
			knownRegions = (
				en,
			);
			mainGroup = 9F57DC83136038E500E96DE0;
			productRefGroup = 9F57DC8F136038E500E96DE0 /* Products */;
			projectDirPath = "";
			projectRoot = "";
			targets = (
				9F57DC8D136038E500E96DE0 /* typefest-objc */,
				9F57DC9A136038E500E96DE0 /* typefest-objcTests */,
			);
		};
/* End PBXProject section */

/* Begin PBXResourcesBuildPhase section */
		9F57DC98136038E500E96DE0 /* Resources */ = {
			isa = PBXResourcesBuildPhase;
			buildActionMask = 2147483647;
			files = (
				9F57DCA9136038E500E96DE0 /* InfoPlist.strings in Resources */,
				9F57DCAC136038E500E96DE0 /* typefest_objcTests.h in Resources */,
			);
			runOnlyForDeploymentPostprocessing = 0;
		};
/* End PBXResourcesBuildPhase section */

/* Begin PBXShellScriptBuildPhase section */
		9F57DC99136038E500E96DE0 /* ShellScript */ = {
			isa = PBXShellScriptBuildPhase;
			buildActionMask = 2147483647;
			files = (
			);
			inputPaths = (
			);
			outputPaths = (
			);
			runOnlyForDeploymentPostprocessing = 0;
			shellPath = /bin/sh;
			shellScript = "# Run the unit tests in this test bundle.\n\"${SYSTEM_DEVELOPER_DIR}/Tools/RunUnitTests\"\n";
		};
/* End PBXShellScriptBuildPhase section */

/* Begin PBXSourcesBuildPhase section */
		9F57DC8A136038E500E96DE0 /* Sources */ = {
			isa = PBXSourcesBuildPhase;
			buildActionMask = 2147483647;
			files = (
				9F57DCE11360398300E96DE0 /* TFActiveArray.m in Sources */,
				9F57DCE41360398300E96DE0 /* TFActiveCollectionInfo.m in Sources */,
				9F57DCE71360398300E96DE0 /* TFActiveCollectionUtils.m in Sources */,
				9F57DCE91360398300E96DE0 /* TFActiveDictionary.m in Sources */,
				9F57DCEB1360398300E96DE0 /* TFActiveSet.m in Sources */,
				9F57DCF71360398D00E96DE0 /* TFDataSource.m in Sources */,
				9F57DCF91360398D00E96DE0 /* TFRow.m in Sources */,
				9F57DCFB1360398D00E96DE0 /* TFSection.m in Sources */,
				9F57DCFD1360398D00E96DE0 /* TFSelectableRow.m in Sources */,
				9F57DCFF1360398D00E96DE0 /* TFSelectionGroup.m in Sources */,
				9F57DDAE1361680700E96DE0 /* TFTextFieldRow.m in Sources */,
				9F57DDBA13616E3100E96DE0 /* TFSwitchRow.m in Sources */,
			);
			runOnlyForDeploymentPostprocessing = 0;
		};
		9F57DC96136038E500E96DE0 /* Sources */ = {
			isa = PBXSourcesBuildPhase;
			buildActionMask = 2147483647;
			files = (
				9F57DCAE136038E500E96DE0 /* typefest_objcTests.m in Sources */,
			);
			runOnlyForDeploymentPostprocessing = 0;
		};
/* End PBXSourcesBuildPhase section */

/* Begin PBXTargetDependency section */
		9F57DCA2136038E500E96DE0 /* PBXTargetDependency */ = {
			isa = PBXTargetDependency;
			target = 9F57DC8D136038E500E96DE0 /* typefest-objc */;
			targetProxy = 9F57DCA1136038E500E96DE0 /* PBXContainerItemProxy */;
		};
/* End PBXTargetDependency section */

/* Begin PBXVariantGroup section */
		9F57DCA7136038E500E96DE0 /* InfoPlist.strings */ = {
			isa = PBXVariantGroup;
			children = (
				9F57DCA8136038E500E96DE0 /* en */,
			);
			name = InfoPlist.strings;
			sourceTree = "<group>";
		};
/* End PBXVariantGroup section */

/* Begin XCBuildConfiguration section */
		9F57DCAF136038E500E96DE0 /* Debug */ = {
			isa = XCBuildConfiguration;
			buildSettings = {
				ARCHS = "$(ARCHS_STANDARD_32_BIT)";
				GCC_C_LANGUAGE_STANDARD = gnu99;
				GCC_OPTIMIZATION_LEVEL = 0;
				GCC_PREPROCESSOR_DEFINITIONS = DEBUG;
				GCC_SYMBOLS_PRIVATE_EXTERN = NO;
				GCC_VERSION = com.apple.compilers.llvmgcc42;
				GCC_WARN_ABOUT_RETURN_TYPE = YES;
				GCC_WARN_UNUSED_VARIABLE = YES;
				IPHONEOS_DEPLOYMENT_TARGET = 4.3;
				SDKROOT = iphoneos;
			};
			name = Debug;
		};
		9F57DCB0136038E500E96DE0 /* Release */ = {
			isa = XCBuildConfiguration;
			buildSettings = {
				ARCHS = "$(ARCHS_STANDARD_32_BIT)";
				GCC_C_LANGUAGE_STANDARD = gnu99;
				GCC_VERSION = com.apple.compilers.llvmgcc42;
				GCC_WARN_ABOUT_RETURN_TYPE = YES;
				GCC_WARN_UNUSED_VARIABLE = YES;
				IPHONEOS_DEPLOYMENT_TARGET = 4.3;
				SDKROOT = iphoneos;
			};
			name = Release;
		};
		9F57DCB2136038E600E96DE0 /* Debug */ = {
			isa = XCBuildConfiguration;
			buildSettings = {
				ALWAYS_SEARCH_USER_PATHS = NO;
				DSTROOT = /tmp/typefest_objc.dst;
				GCC_PRECOMPILE_PREFIX_HEADER = YES;
				GCC_PREFIX_HEADER = "typefest-objc/typefest-objc-Prefix.pch";
				OTHER_LDFLAGS = "-ObjC";
				PRODUCT_NAME = "$(TARGET_NAME)";
			};
			name = Debug;
		};
		9F57DCB3136038E600E96DE0 /* Release */ = {
			isa = XCBuildConfiguration;
			buildSettings = {
				ALWAYS_SEARCH_USER_PATHS = NO;
				DSTROOT = /tmp/typefest_objc.dst;
				GCC_PRECOMPILE_PREFIX_HEADER = YES;
				GCC_PREFIX_HEADER = "typefest-objc/typefest-objc-Prefix.pch";
				OTHER_LDFLAGS = "-ObjC";
				PRODUCT_NAME = "$(TARGET_NAME)";
			};
			name = Release;
		};
		9F57DCB5136038E600E96DE0 /* Debug */ = {
			isa = XCBuildConfiguration;
			buildSettings = {
				ALWAYS_SEARCH_USER_PATHS = NO;
				FRAMEWORK_SEARCH_PATHS = (
					"$(SDKROOT)/Developer/Library/Frameworks",
					"$(DEVELOPER_LIBRARY_DIR)/Frameworks",
				);
				GCC_PRECOMPILE_PREFIX_HEADER = YES;
				GCC_PREFIX_HEADER = "typefest-objcTests/typefest-objcTests-Prefix.pch";
				INFOPLIST_FILE = "typefest-objcTests/typefest-objcTests-Info.plist";
				OTHER_LDFLAGS = (
					"-framework",
					SenTestingKit,
				);
				PRODUCT_NAME = "$(TARGET_NAME)";
				WRAPPER_EXTENSION = octest;
			};
			name = Debug;
		};
		9F57DCB6136038E600E96DE0 /* Release */ = {
			isa = XCBuildConfiguration;
			buildSettings = {
				ALWAYS_SEARCH_USER_PATHS = NO;
				FRAMEWORK_SEARCH_PATHS = (
					"$(SDKROOT)/Developer/Library/Frameworks",
					"$(DEVELOPER_LIBRARY_DIR)/Frameworks",
				);
				GCC_PRECOMPILE_PREFIX_HEADER = YES;
				GCC_PREFIX_HEADER = "typefest-objcTests/typefest-objcTests-Prefix.pch";
				INFOPLIST_FILE = "typefest-objcTests/typefest-objcTests-Info.plist";
				OTHER_LDFLAGS = (
					"-framework",
					SenTestingKit,
				);
				PRODUCT_NAME = "$(TARGET_NAME)";
				WRAPPER_EXTENSION = octest;
			};
			name = Release;
		};
/* End XCBuildConfiguration section */

/* Begin XCConfigurationList section */
		9F57DC88136038E500E96DE0 /* Build configuration list for PBXProject "typefest-objc" */ = {
			isa = XCConfigurationList;
			buildConfigurations = (
				9F57DCAF136038E500E96DE0 /* Debug */,
				9F57DCB0136038E500E96DE0 /* Release */,
			);
			defaultConfigurationIsVisible = 0;
			defaultConfigurationName = Release;
		};
		9F57DCB1136038E600E96DE0 /* Build configuration list for PBXNativeTarget "typefest-objc" */ = {
			isa = XCConfigurationList;
			buildConfigurations = (
				9F57DCB2136038E600E96DE0 /* Debug */,
				9F57DCB3136038E600E96DE0 /* Release */,
			);
			defaultConfigurationIsVisible = 0;
			defaultConfigurationName = Release;
		};
		9F57DCB4136038E600E96DE0 /* Build configuration list for PBXNativeTarget "typefest-objcTests" */ = {
			isa = XCConfigurationList;
			buildConfigurations = (
				9F57DCB5136038E600E96DE0 /* Debug */,
				9F57DCB6136038E600E96DE0 /* Release */,
			);
			defaultConfigurationIsVisible = 0;
			defaultConfigurationName = Release;
		};
/* End XCConfigurationList section */
	};
	rootObject = 9F57DC85136038E500E96DE0 /* Project object */;
}
